{
  "name": "chatwithpdfai",
  "version": "1.0.0",
  "lockfileVersion": 3,
  "requires": true,
  "packages": {
    "": {
      "name": "chatwithpdfai",
      "version": "1.0.0",
      "license": "UNLICENSED",
      "dependencies": {
        "compression": "^1.7.4",
        "express": "^4.19.2"
      },
      "engines": {
        "node": ">=18.0.0"
      }
    }
  }
}
